{
  "version": 4,
  "terraform_version": "1.3.6",
  "serial": 2,
  "lineage": "e115824b-0705-539b-cbb7-dd91b2a8c045",
  "outputs": {
    "vpcid": {
      "value": "vpc-0e90c469b3cfb96e2",
      "type": "string"
    }
  },
  "resources": [
    {
      "mode": "managed",
      "type": "aws_vpc",
      "name": "myvpc",
      "provider": "provider[\"registry.terraform.io/hashicorp/aws\"]",
      "instances": [
        {
          "schema_version": 1,
          "attributes": {
            "arn": "arn:aws:ec2:eu-central-1:114085927976:vpc/vpc-0e90c469b3cfb96e2",
            "assign_generated_ipv6_cidr_block": false,
            "cidr_block": "10.0.0.0/16",
            "default_network_acl_id": "acl-02256672329d70428",
            "default_route_table_id": "rtb-08201312c29b090da",
            "default_security_group_id": "sg-05357337b8c05c05e",
            "dhcp_options_id": "dopt-0a8252932f5ba97f1",
            "enable_classiclink": false,
            "enable_classiclink_dns_support": false,
            "enable_dns_hostnames": false,
            "enable_dns_support": true,
            "enable_network_address_usage_metrics": false,
            "id": "vpc-0e90c469b3cfb96e2",
            "instance_tenancy": "default",
            "ipv4_ipam_pool_id": null,
            "ipv4_netmask_length": null,
            "ipv6_association_id": "",
            "ipv6_cidr_block": "",
            "ipv6_cidr_block_network_border_group": "",
            "ipv6_ipam_pool_id": "",
            "ipv6_netmask_length": 0,
            "main_route_table_id": "rtb-08201312c29b090da",
            "owner_id": "114085927976",
            "tags": {
              "Name": "myvpcnameinput"
            },
            "tags_all": {
              "Name": "myvpcnameinput"
            }
          },
          "sensitive_attributes": [],
          "private": "eyJzY2hlbWFfdmVyc2lvbiI6IjEifQ=="
        }
      ]
    }
  ],
  "check_results": null
}
